
Microsoft Visual Studio Solution File, Format Version 12.00
# Visual Studio Version 16
VisualStudioVersion = 16.0.29609.76
MinimumVisualStudioVersion = 10.0.40219.1
Project("{9A19103F-16F7-4668-BE54-9A1E7A4F7556}") = "WPF.Controls", "src\WPF.Controls.csproj", "{5C5958DC-92AF-4323-BE09-A0B32A47A30B}"
EndProject
Project("{9A19103F-16F7-4668-BE54-9A1E7A4F7556}") = "WPF.Controls.Demo", "demo\WPF.Controls.Demo.csproj", "{B29A6EB2-1C14-487F-9AC5-7C0676E7777C}"
EndProject
Global
	GlobalSection(SolutionConfigurationPlatforms) = preSolution
		Debug|Any CPU = Debug|Any CPU
		Release|Any CPU = Release|Any CPU
	EndGlobalSection
	GlobalSection(ProjectConfigurationPlatforms) = postSolution
		{5C5958DC-92AF-4323-BE09-A0B32A47A30B}.Debug|Any CPU.ActiveCfg = Debug|Any CPU
		{5C5958DC-92AF-4323-BE09-A0B32A47A30B}.Debug|Any CPU.Build.0 = Debug|Any CPU
		{5C5958DC-92AF-4323-BE09-A0B32A47A30B}.Release|Any CPU.ActiveCfg = Release|Any CPU
		{5C5958DC-92AF-4323-BE09-A0B32A47A30B}.Release|Any CPU.Build.0 = Release|Any CPU
		{B29A6EB2-1C14-487F-9AC5-7C0676E7777C}.Debug|Any CPU.ActiveCfg = Debug|Any CPU
		{B29A6EB2-1C14-487F-9AC5-7C0676E7777C}.Debug|Any CPU.Build.0 = Debug|Any CPU
		{B29A6EB2-1C14-487F-9AC5-7C0676E7777C}.Release|Any CPU.ActiveCfg = Release|Any CPU
		{B29A6EB2-1C14-487F-9AC5-7C0676E7777C}.Release|Any CPU.Build.0 = Release|Any CPU
	EndGlobalSection
	GlobalSection(SolutionProperties) = preSolution
		HideSolutionNode = FALSE
	EndGlobalSection
	GlobalSection(ExtensibilityGlobals) = postSolution
		SolutionGuid = {07CB3016-F4CB-422E-846F-A03A104BDFAC}
	EndGlobalSection
EndGlobal
